
Microsoft Visual Studio Solution File, Format Version 12.00
# Visual Studio Version 17
VisualStudioVersion = 17.3.32825.248
MinimumVisualStudioVersion = 10.0.40219.1
Project("{FAE04EC0-301F-11D3-BF4B-00C04F79EFBC}") = "CeUAA14Partie2_dec22_Michaux", "CeUAA14Partie2_dec22_Michaux\CeUAA14Partie2_dec22_Michaux.csproj", "{BB12EF35-ADF8-4A7E-BEDF-C2DC3A2ECEA2}"
EndProject
Global
	GlobalSection(SolutionConfigurationPlatforms) = preSolution
		Debug|Any CPU = Debug|Any CPU
		Release|Any CPU = Release|Any CPU
	EndGlobalSection
	GlobalSection(ProjectConfigurationPlatforms) = postSolution
		{BB12EF35-ADF8-4A7E-BEDF-C2DC3A2ECEA2}.Debug|Any CPU.ActiveCfg = Debug|Any CPU
		{BB12EF35-ADF8-4A7E-BEDF-C2DC3A2ECEA2}.Debug|Any CPU.Build.0 = Debug|Any CPU
		{BB12EF35-ADF8-4A7E-BEDF-C2DC3A2ECEA2}.Release|Any CPU.ActiveCfg = Release|Any CPU
		{BB12EF35-ADF8-4A7E-BEDF-C2DC3A2ECEA2}.Release|Any CPU.Build.0 = Release|Any CPU
	EndGlobalSection
	GlobalSection(SolutionProperties) = preSolution
		HideSolutionNode = FALSE
	EndGlobalSection
	GlobalSection(ExtensibilityGlobals) = postSolution
		SolutionGuid = {143C8387-83CD-4857-9F25-9078C54A01D5}
	EndGlobalSection
EndGlobal
